
Microsoft Visual Studio Solution File, Format Version 12.00
# Visual Studio 15
VisualStudioVersion = 15.0.27428.2037
MinimumVisualStudioVersion = 10.0.40219.1
Project("{FAE04EC0-301F-11D3-BF4B-00C04F79EFBC}") = "Number_is_Odd_or_even", "Number_is_Odd_or_even\Number_is_Odd_or_even.csproj", "{B8791C2D-1D79-4461-BD48-C87334A9D65D}"
EndProject
Global
	GlobalSection(SolutionConfigurationPlatforms) = preSolution
		Debug|Any CPU = Debug|Any CPU
		Release|Any CPU = Release|Any CPU
	EndGlobalSection
	GlobalSection(ProjectConfigurationPlatforms) = postSolution
		{B8791C2D-1D79-4461-BD48-C87334A9D65D}.Debug|Any CPU.ActiveCfg = Debug|Any CPU
		{B8791C2D-1D79-4461-BD48-C87334A9D65D}.Debug|Any CPU.Build.0 = Debug|Any CPU
		{B8791C2D-1D79-4461-BD48-C87334A9D65D}.Release|Any CPU.ActiveCfg = Release|Any CPU
		{B8791C2D-1D79-4461-BD48-C87334A9D65D}.Release|Any CPU.Build.0 = Release|Any CPU
	EndGlobalSection
	GlobalSection(SolutionProperties) = preSolution
		HideSolutionNode = FALSE
	EndGlobalSection
	GlobalSection(ExtensibilityGlobals) = postSolution
		SolutionGuid = {2B629472-956A-4B4F-83CC-94A798CA2F39}
	EndGlobalSection
EndGlobal
